Microsoft Visual Studio Solution File, Format Version 12.00
# Visual Studio Version 17
VisualStudioVersion = 17.13.35828.75
MinimumVisualStudioVersion = 10.0.40219.1
Project("{FAE04EC0-301F-11D3-BF4B-00C04F79EFBC}") = "FarmaciaAPI", "FarmaciaAPI\FarmaciaAPI.csproj", "{0D162948-2751-49B4-923B-597820CB88D8}"
EndProject
Global
	GlobalSection(SolutionConfigurationPlatforms) = preSolution
		Debug|Any CPU = Debug|Any CPU
		Release|Any CPU = Release|Any CPU
	EndGlobalSection
	GlobalSection(ProjectConfigurationPlatforms) = postSolution
		{0D162948-2751-49B4-923B-597820CB88D8}.Debug|Any CPU.ActiveCfg = Debug|Any CPU
		{0D162948-2751-49B4-923B-597820CB88D8}.Debug|Any CPU.Build.0 = Debug|Any CPU
		{0D162948-2751-49B4-923B-597820CB88D8}.Release|Any CPU.ActiveCfg = Release|Any CPU
		{0D162948-2751-49B4-923B-597820CB88D8}.Release|Any CPU.Build.0 = Release|Any CPU
	EndGlobalSection
	GlobalSection(SolutionProperties) = preSolution
		HideSolutionNode = FALSE
	EndGlobalSection
	GlobalSection(ExtensibilityGlobals) = postSolution
		SolutionGuid = {D0DE1626-CA4D-4FC6-85EB-5090BA5E3BB4}
	EndGlobalSection
EndGlobal
